
Microsoft Visual Studio Solution File, Format Version 12.00
# Visual Studio Version 17
VisualStudioVersion = 17.6.33723.286
MinimumVisualStudioVersion = 10.0.40219.1
Project("{FAE04EC0-301F-11D3-BF4B-00C04F79EFBC}") = "HotelApp.Android", "HotelApp\HotelApp.Android\HotelApp.Android.csproj", "{477F2001-66EA-47A4-BAF4-C5039F502473}"
EndProject
Project("{FAE04EC0-301F-11D3-BF4B-00C04F79EFBC}") = "HotelApp", "HotelApp\HotelApp\HotelApp.csproj", "{F5FB6406-A0AB-4AB6-9194-437A1ED188A3}"
EndProject
Global
	GlobalSection(SolutionConfigurationPlatforms) = preSolution
		Debug|Any CPU = Debug|Any CPU
		Release|Any CPU = Release|Any CPU
	EndGlobalSection
	GlobalSection(ProjectConfigurationPlatforms) = postSolution
		{477F2001-66EA-47A4-BAF4-C5039F502473}.Debug|Any CPU.ActiveCfg = Debug|Any CPU
		{477F2001-66EA-47A4-BAF4-C5039F502473}.Debug|Any CPU.Build.0 = Debug|Any CPU
		{477F2001-66EA-47A4-BAF4-C5039F502473}.Debug|Any CPU.Deploy.0 = Debug|Any CPU
		{477F2001-66EA-47A4-BAF4-C5039F502473}.Release|Any CPU.ActiveCfg = Release|Any CPU
		{477F2001-66EA-47A4-BAF4-C5039F502473}.Release|Any CPU.Build.0 = Release|Any CPU
		{477F2001-66EA-47A4-BAF4-C5039F502473}.Release|Any CPU.Deploy.0 = Release|Any CPU
		{F5FB6406-A0AB-4AB6-9194-437A1ED188A3}.Debug|Any CPU.ActiveCfg = Debug|Any CPU
		{F5FB6406-A0AB-4AB6-9194-437A1ED188A3}.Debug|Any CPU.Build.0 = Debug|Any CPU
		{F5FB6406-A0AB-4AB6-9194-437A1ED188A3}.Debug|Any CPU.Deploy.0 = Debug|Any CPU
		{F5FB6406-A0AB-4AB6-9194-437A1ED188A3}.Release|Any CPU.ActiveCfg = Release|Any CPU
		{F5FB6406-A0AB-4AB6-9194-437A1ED188A3}.Release|Any CPU.Build.0 = Release|Any CPU
		{F5FB6406-A0AB-4AB6-9194-437A1ED188A3}.Release|Any CPU.Deploy.0 = Release|Any CPU
	EndGlobalSection
	GlobalSection(SolutionProperties) = preSolution
		HideSolutionNode = FALSE
	EndGlobalSection
	GlobalSection(ExtensibilityGlobals) = postSolution
		SolutionGuid = {3EF6BF15-2581-4E48-BE96-6243AEFE71D8}
	EndGlobalSection
EndGlobal
